
Microsoft Visual Studio Solution File, Format Version 12.00
# Visual Studio Version 16
VisualStudioVersion = 16.0.31410.357
MinimumVisualStudioVersion = 10.0.40219.1
Project("{2150E333-8FDC-42A3-9474-1A3956D46DE8}") = ".root", ".root", "{6228A9F7-00DC-40EC-9043-71772EEBCBF6}"
	ProjectSection(SolutionItems) = preProject
		.gitignore = .gitignore
		common.props = common.props
		debugtarget.props = debugtarget.props
		directory.build.props = directory.build.props
		Directory.Build.targets = Directory.Build.targets
		LICENSE = LICENSE
		README.md = README.md
		stylecop.json = stylecop.json
		tacitfirefox.ruleset = tacitfirefox.ruleset
		version.props = version.props
	EndProjectSection
EndProject
Project("{2150E333-8FDC-42A3-9474-1A3956D46DE8}") = "source", "source", "{04687B0C-A8EC-4AB2-AC91-E00D24223539}"
	ProjectSection(SolutionItems) = preProject
		source\directory.build.props = source\directory.build.props
	EndProjectSection
EndProject
Project("{9A19103F-16F7-4668-BE54-9A1E7A4F7556}") = "Quartermaster.Core", "source\Quartermaster.Core\Quartermaster.Core.csproj", "{182B4841-E4D4-476F-BB54-460B7646FDE3}"
EndProject
Project("{9A19103F-16F7-4668-BE54-9A1E7A4F7556}") = "Quartermaster.Pilgrimage", "source\Quartermaster.Pilgrimage\Quartermaster.Pilgrimage.csproj", "{50DBCE33-ADDF-420E-8705-1FF949B2B563}"
EndProject
Project("{2150E333-8FDC-42A3-9474-1A3956D46DE8}") = "docs", "docs", "{7FE8AFA4-C83D-4CBF-B283-E3AB2A66F464}"
	ProjectSection(SolutionItems) = preProject
		.github\workflows\quartermasters.drawio = .github\workflows\quartermasters.drawio
	EndProjectSection
EndProject
Global
	GlobalSection(SolutionConfigurationPlatforms) = preSolution
		Debug|Any CPU = Debug|Any CPU
		Release|Any CPU = Release|Any CPU
	EndGlobalSection
	GlobalSection(ProjectConfigurationPlatforms) = postSolution
		{182B4841-E4D4-476F-BB54-460B7646FDE3}.Debug|Any CPU.ActiveCfg = Debug|Any CPU
		{182B4841-E4D4-476F-BB54-460B7646FDE3}.Debug|Any CPU.Build.0 = Debug|Any CPU
		{182B4841-E4D4-476F-BB54-460B7646FDE3}.Release|Any CPU.ActiveCfg = Release|Any CPU
		{182B4841-E4D4-476F-BB54-460B7646FDE3}.Release|Any CPU.Build.0 = Release|Any CPU
		{50DBCE33-ADDF-420E-8705-1FF949B2B563}.Debug|Any CPU.ActiveCfg = Debug|Any CPU
		{50DBCE33-ADDF-420E-8705-1FF949B2B563}.Debug|Any CPU.Build.0 = Debug|Any CPU
		{50DBCE33-ADDF-420E-8705-1FF949B2B563}.Release|Any CPU.ActiveCfg = Release|Any CPU
		{50DBCE33-ADDF-420E-8705-1FF949B2B563}.Release|Any CPU.Build.0 = Release|Any CPU
	EndGlobalSection
	GlobalSection(SolutionProperties) = preSolution
		HideSolutionNode = FALSE
	EndGlobalSection
	GlobalSection(NestedProjects) = preSolution
		{182B4841-E4D4-476F-BB54-460B7646FDE3} = {04687B0C-A8EC-4AB2-AC91-E00D24223539}
		{50DBCE33-ADDF-420E-8705-1FF949B2B563} = {04687B0C-A8EC-4AB2-AC91-E00D24223539}
	EndGlobalSection
	GlobalSection(ExtensibilityGlobals) = postSolution
		SolutionGuid = {9FD02EBB-1636-4DB2-AC92-7763D5F1D4AD}
	EndGlobalSection
EndGlobal
